// !$*UTF8*$!
{
	archiveVersion = 1;
	classes = {
	};
	objectVersion = 50;
	objects = {

/* Begin PBXBuildFile section */
		58E68E4A2396594A007F4290 /* AppDelegate.swift in Sources */ = {isa = PBXBuildFile; fileRef = 58E68E492396594A007F4290 /* AppDelegate.swift */; };
		58E68E4C2396594A007F4290 /* SceneDelegate.swift in Sources */ = {isa = PBXBuildFile; fileRef = 58E68E4B2396594A007F4290 /* SceneDelegate.swift */; };
		58E68E4E2396594A007F4290 /* ViewController.swift in Sources */ = {isa = PBXBuildFile; fileRef = 58E68E4D2396594A007F4290 /* ViewController.swift */; };
		58E68E512396594A007F4290 /* Main.storyboard in Resources */ = {isa = PBXBuildFile; fileRef = 58E68E4F2396594A007F4290 /* Main.storyboard */; };
		58E68E532396594D007F4290 /* Assets.xcassets in Resources */ = {isa = PBXBuildFile; fileRef = 58E68E522396594D007F4290 /* Assets.xcassets */; };
		58E68E562396594D007F4290 /* LaunchScreen.storyboard in Resources */ = {isa = PBXBuildFile; fileRef = 58E68E542396594D007F4290 /* LaunchScreen.storyboard */; };
		58E68E612396594D007F4290 /* _3_DemoTests.swift in Sources */ = {isa = PBXBuildFile; fileRef = 58E68E602396594D007F4290 /* _3_DemoTests.swift */; };
		58E68E6C2396594D007F4290 /* _3_DemoUITests.swift in Sources */ = {isa = PBXBuildFile; fileRef = 58E68E6B2396594D007F4290 /* _3_DemoUITests.swift */; };
		58E68E7C23965A31007F4290 /* MyLayout.swift in Sources */ = {isa = PBXBuildFile; fileRef = 58E68E7B23965A31007F4290 /* MyLayout.swift */; };
/* End PBXBuildFile section */

/* Begin PBXContainerItemProxy section */
		58E68E5D2396594D007F4290 /* PBXContainerItemProxy */ = {
			isa = PBXContainerItemProxy;
			containerPortal = 58E68E3E2396594A007F4290 /* Project object */;
			proxyType = 1;
			remoteGlobalIDString = 58E68E452396594A007F4290;
			remoteInfo = "23-Demo";
		};
		58E68E682396594D007F4290 /* PBXContainerItemProxy */ = {
			isa = PBXContainerItemProxy;
			containerPortal = 58E68E3E2396594A007F4290 /* Project object */;
			proxyType = 1;
			remoteGlobalIDString = 58E68E452396594A007F4290;
			remoteInfo = "23-Demo";
		};
/* End PBXContainerItemProxy section */

/* Begin PBXFileReference section */
		58E68E462396594A007F4290 /* 23-Demo.app */ = {isa = PBXFileReference; explicitFileType = wrapper.application; includeInIndex = 0; path = "23-Demo.app"; sourceTree = BUILT_PRODUCTS_DIR; };
		58E68E492396594A007F4290 /* AppDelegate.swift */ = {isa = PBXFileReference; lastKnownFileType = sourcecode.swift; path = AppDelegate.swift; sourceTree = "<group>"; };
		58E68E4B2396594A007F4290 /* SceneDelegate.swift */ = {isa = PBXFileReference; lastKnownFileType = sourcecode.swift; path = SceneDelegate.swift; sourceTree = "<group>"; };
		58E68E4D2396594A007F4290 /* ViewController.swift */ = {isa = PBXFileReference; lastKnownFileType = sourcecode.swift; path = ViewController.swift; sourceTree = "<group>"; };
		58E68E502396594A007F4290 /* Base */ = {isa = PBXFileReference; lastKnownFileType = file.storyboard; name = Base; path = Base.lproj/Main.storyboard; sourceTree = "<group>"; };
		58E68E522396594D007F4290 /* Assets.xcassets */ = {isa = PBXFileReference; lastKnownFileType = folder.assetcatalog; path = Assets.xcassets; sourceTree = "<group>"; };
		58E68E552396594D007F4290 /* Base */ = {isa = PBXFileReference; lastKnownFileType = file.storyboard; name = Base; path = Base.lproj/LaunchScreen.storyboard; sourceTree = "<group>"; };
		58E68E572396594D007F4290 /* Info.plist */ = {isa = PBXFileReference; lastKnownFileType = text.plist.xml; path = Info.plist; sourceTree = "<group>"; };
		58E68E5C2396594D007F4290 /* 23-DemoTests.xctest */ = {isa = PBXFileReference; explicitFileType = wrapper.cfbundle; includeInIndex = 0; path = "23-DemoTests.xctest"; sourceTree = BUILT_PRODUCTS_DIR; };
		58E68E602396594D007F4290 /* _3_DemoTests.swift */ = {isa = PBXFileReference; lastKnownFileType = sourcecode.swift; path = _3_DemoTests.swift; sourceTree = "<group>"; };
		58E68E622396594D007F4290 /* Info.plist */ = {isa = PBXFileReference; lastKnownFileType = text.plist.xml; path = Info.plist; sourceTree = "<group>"; };
		58E68E672396594D007F4290 /* 23-DemoUITests.xctest */ = {isa = PBXFileReference; explicitFileType = wrapper.cfbundle; includeInIndex = 0; path = "23-DemoUITests.xctest"; sourceTree = BUILT_PRODUCTS_DIR; };
		58E68E6B2396594D007F4290 /* _3_DemoUITests.swift */ = {isa = PBXFileReference; lastKnownFileType = sourcecode.swift; path = _3_DemoUITests.swift; sourceTree = "<group>"; };
		58E68E6D2396594D007F4290 /* Info.plist */ = {isa = PBXFileReference; lastKnownFileType = text.plist.xml; path = Info.plist; sourceTree = "<group>"; };
		58E68E7B23965A31007F4290 /* MyLayout.swift */ = {isa = PBXFileReference; lastKnownFileType = sourcecode.swift; path = MyLayout.swift; sourceTree = "<group>"; };
/* End PBXFileReference section */

/* Begin PBXFrameworksBuildPhase section */
		58E68E432396594A007F4290 /* Frameworks */ = {
			isa = PBXFrameworksBuildPhase;
			buildActionMask = 2147483647;
			files = (
			);
			runOnlyForDeploymentPostprocessing = 0;
		};
		58E68E592396594D007F4290 /* Frameworks */ = {
			isa = PBXFrameworksBuildPhase;
			buildActionMask = 2147483647;
			files = (
			);
			runOnlyForDeploymentPostprocessing = 0;
		};
		58E68E642396594D007F4290 /* Frameworks */ = {
			isa = PBXFrameworksBuildPhase;
			buildActionMask = 2147483647;
			files = (
			);
			runOnlyForDeploymentPostprocessing = 0;
		};
/* End PBXFrameworksBuildPhase section */

/* Begin PBXGroup section */
		58E68E3D2396594A007F4290 = {
			isa = PBXGroup;
			children = (
				58E68E482396594A007F4290 /* 23-Demo */,
				58E68E5F2396594D007F4290 /* 23-DemoTests */,
				58E68E6A2396594D007F4290 /* 23-DemoUITests */,
				58E68E472396594A007F4290 /* Products */,
			);
			sourceTree = "<group>";
		};
		58E68E472396594A007F4290 /* Products */ = {
			isa = PBXGroup;
			children = (
				58E68E462396594A007F4290 /* 23-Demo.app */,
				58E68E5C2396594D007F4290 /* 23-DemoTests.xctest */,
				58E68E672396594D007F4290 /* 23-DemoUITests.xctest */,
			);
			name = Products;
			sourceTree = "<group>";
		};
		58E68E482396594A007F4290 /* 23-Demo */ = {
			isa = PBXGroup;
			children = (
				58E68E492396594A007F4290 /* AppDelegate.swift */,
				58E68E4B2396594A007F4290 /* SceneDelegate.swift */,
				58E68E4D2396594A007F4290 /* ViewController.swift */,
				58E68E4F2396594A007F4290 /* Main.storyboard */,
				58E68E522396594D007F4290 /* Assets.xcassets */,
				58E68E542396594D007F4290 /* LaunchScreen.storyboard */,
				58E68E572396594D007F4290 /* Info.plist */,
				58E68E7B23965A31007F4290 /* MyLayout.swift */,
			);
			path = "23-Demo";
			sourceTree = "<group>";
		};
		58E68E5F2396594D007F4290 /* 23-DemoTests */ = {
			isa = PBXGroup;
			children = (
				58E68E602396594D007F4290 /* _3_DemoTests.swift */,
				58E68E622396594D007F4290 /* Info.plist */,
			);
			path = "23-DemoTests";
			sourceTree = "<group>";
		};
		58E68E6A2396594D007F4290 /* 23-DemoUITests */ = {
			isa = PBXGroup;
			children = (
				58E68E6B2396594D007F4290 /* _3_DemoUITests.swift */,
				58E68E6D2396594D007F4290 /* Info.plist */,
			);
			path = "23-DemoUITests";
			sourceTree = "<group>";
		};
/* End PBXGroup section */

/* Begin PBXNativeTarget section */
		58E68E452396594A007F4290 /* 23-Demo */ = {
			isa = PBXNativeTarget;
			buildConfigurationList = 58E68E702396594D007F4290 /* Build configuration list for PBXNativeTarget "23-Demo" */;
			buildPhases = (
				58E68E422396594A007F4290 /* Sources */,
				58E68E432396594A007F4290 /* Frameworks */,
				58E68E442396594A007F4290 /* Resources */,
			);
			buildRules = (
			);
			dependencies = (
			);
			name = "23-Demo";
			productName = "23-Demo";
			productReference = 58E68E462396594A007F4290 /* 23-Demo.app */;
			productType = "com.apple.product-type.application";
		};
		58E68E5B2396594D007F4290 /* 23-DemoTests */ = {
			isa = PBXNativeTarget;
			buildConfigurationList = 58E68E732396594D007F4290 /* Build configuration list for PBXNativeTarget "23-DemoTests" */;
			buildPhases = (
				58E68E582396594D007F4290 /* Sources */,
				58E68E592396594D007F4290 /* Frameworks */,
				58E68E5A2396594D007F4290 /* Resources */,
			);
			buildRules = (
			);
			dependencies = (
				58E68E5E2396594D007F4290 /* PBXTargetDependency */,
			);
			name = "23-DemoTests";
			productName = "23-DemoTests";
			productReference = 58E68E5C2396594D007F4290 /* 23-DemoTests.xctest */;
			productType = "com.apple.product-type.bundle.unit-test";
		};
		58E68E662396594D007F4290 /* 23-DemoUITests */ = {
			isa = PBXNativeTarget;
			buildConfigurationList = 58E68E762396594D007F4290 /* Build configuration list for PBXNativeTarget "23-DemoUITests" */;
			buildPhases = (
				58E68E632396594D007F4290 /* Sources */,
				58E68E642396594D007F4290 /* Frameworks */,
				58E68E652396594D007F4290 /* Resources */,
			);
			buildRules = (
			);
			dependencies = (
				58E68E692396594D007F4290 /* PBXTargetDependency */,
			);
			name = "23-DemoUITests";
			productName = "23-DemoUITests";
			productReference = 58E68E672396594D007F4290 /* 23-DemoUITests.xctest */;
			productType = "com.apple.product-type.bundle.ui-testing";
		};
/* End PBXNativeTarget section */

/* Begin PBXProject section */
		58E68E3E2396594A007F4290 /* Project object */ = {
			isa = PBXProject;
			attributes = {
				LastSwiftUpdateCheck = 1120;
				LastUpgradeCheck = 1120;
				ORGANIZATIONNAME = "何强";
				TargetAttributes = {
					58E68E452396594A007F4290 = {
						CreatedOnToolsVersion = 11.2.1;
					};
					58E68E5B2396594D007F4290 = {
						CreatedOnToolsVersion = 11.2.1;
						TestTargetID = 58E68E452396594A007F4290;
					};
					58E68E662396594D007F4290 = {
						CreatedOnToolsVersion = 11.2.1;
						TestTargetID = 58E68E452396594A007F4290;
					};
				};
			};
			buildConfigurationList = 58E68E412396594A007F4290 /* Build configuration list for PBXProject "23-Demo" */;
			compatibilityVersion = "Xcode 9.3";
			developmentRegion = en;
			hasScannedForEncodings = 0;
			knownRegions = (
				en,
				Base,
			);
			mainGroup = 58E68E3D2396594A007F4290;
			productRefGroup = 58E68E472396594A007F4290 /* Products */;
			projectDirPath = "";
			projectRoot = "";
			targets = (
				58E68E452396594A007F4290 /* 23-Demo */,
				58E68E5B2396594D007F4290 /* 23-DemoTests */,
				58E68E662396594D007F4290 /* 23-DemoUITests */,
			);
		};
/* End PBXProject section */

/* Begin PBXResourcesBuildPhase section */
		58E68E442396594A007F4290 /* Resources */ = {
			isa = PBXResourcesBuildPhase;
			buildActionMask = 2147483647;
			files = (
				58E68E562396594D007F4290 /* LaunchScreen.storyboard in Resources */,
				58E68E532396594D007F4290 /* Assets.xcassets in Resources */,
				58E68E512396594A007F4290 /* Main.storyboard in Resources */,
			);
			runOnlyForDeploymentPostprocessing = 0;
		};
		58E68E5A2396594D007F4290 /* Resources */ = {
			isa = PBXResourcesBuildPhase;
			buildActionMask = 2147483647;
			files = (
			);
			runOnlyForDeploymentPostprocessing = 0;
		};
		58E68E652396594D007F4290 /* Resources */ = {
			isa = PBXResourcesBuildPhase;
			buildActionMask = 2147483647;
			files = (
			);
			runOnlyForDeploymentPostprocessing = 0;
		};
/* End PBXResourcesBuildPhase section */

/* Begin PBXSourcesBuildPhase section */
		58E68E422396594A007F4290 /* Sources */ = {
			isa = PBXSourcesBuildPhase;
			buildActionMask = 2147483647;
			files = (
				58E68E4E2396594A007F4290 /* ViewController.swift in Sources */,
				58E68E7C23965A31007F4290 /* MyLayout.swift in Sources */,
				58E68E4A2396594A007F4290 /* AppDelegate.swift in Sources */,
				58E68E4C2396594A007F4290 /* SceneDelegate.swift in Sources */,
			);
			runOnlyForDeploymentPostprocessing = 0;
		};
		58E68E582396594D007F4290 /* Sources */ = {
			isa = PBXSourcesBuildPhase;
			buildActionMask = 2147483647;
			files = (
				58E68E612396594D007F4290 /* _3_DemoTests.swift in Sources */,
			);
			runOnlyForDeploymentPostprocessing = 0;
		};
		58E68E632396594D007F4290 /* Sources */ = {
			isa = PBXSourcesBuildPhase;
			buildActionMask = 2147483647;
			files = (
				58E68E6C2396594D007F4290 /* _3_DemoUITests.swift in Sources */,
			);
			runOnlyForDeploymentPostprocessing = 0;
		};
/* End PBXSourcesBuildPhase section */

/* Begin PBXTargetDependency section */
		58E68E5E2396594D007F4290 /* PBXTargetDependency */ = {
			isa = PBXTargetDependency;
			target = 58E68E452396594A007F4290 /* 23-Demo */;
			targetProxy = 58E68E5D2396594D007F4290 /* PBXContainerItemProxy */;
		};
		58E68E692396594D007F4290 /* PBXTargetDependency */ = {
			isa = PBXTargetDependency;
			target = 58E68E452396594A007F4290 /* 23-Demo */;
			targetProxy = 58E68E682396594D007F4290 /* PBXContainerItemProxy */;
		};
/* End PBXTargetDependency section */

/* Begin PBXVariantGroup section */
		58E68E4F2396594A007F4290 /* Main.storyboard */ = {
			isa = PBXVariantGroup;
			children = (
				58E68E502396594A007F4290 /* Base */,
			);
			name = Main.storyboard;
			sourceTree = "<group>";
		};
		58E68E542396594D007F4290 /* LaunchScreen.storyboard */ = {
			isa = PBXVariantGroup;
			children = (
				58E68E552396594D007F4290 /* Base */,
			);
			name = LaunchScreen.storyboard;
			sourceTree = "<group>";
		};
/* End PBXVariantGroup section */

/* Begin XCBuildConfiguration section */
		58E68E6E2396594D007F4290 /* Debug */ = {
			isa = XCBuildConfiguration;
			buildSettings = {
				ALWAYS_SEARCH_USER_PATHS = NO;
				CLANG_ANALYZER_NONNULL = YES;
				CLANG_ANALYZER_NUMBER_OBJECT_CONVERSION = YES_AGGRESSIVE;
				CLANG_CXX_LANGUAGE_STANDARD = "gnu++14";
				CLANG_CXX_LIBRARY = "libc++";
				CLANG_ENABLE_MODULES = YES;
				CLANG_ENABLE_OBJC_ARC = YES;
				CLANG_ENABLE_OBJC_WEAK = YES;
				CLANG_WARN_BLOCK_CAPTURE_AUTORELEASING = YES;
				CLANG_WARN_BOOL_CONVERSION = YES;
				CLANG_WARN_COMMA = YES;
				CLANG_WARN_CONSTANT_CONVERSION = YES;
				CLANG_WARN_DEPRECATED_OBJC_IMPLEMENTATIONS = YES;
				CLANG_WARN_DIRECT_OBJC_ISA_USAGE = YES_ERROR;
				CLANG_WARN_DOCUMENTATION_COMMENTS = YES;
				CLANG_WARN_EMPTY_BODY = YES;
				CLANG_WARN_ENUM_CONVERSION = YES;
				CLANG_WARN_INFINITE_RECURSION = YES;
				CLANG_WARN_INT_CONVERSION = YES;
				CLANG_WARN_NON_LITERAL_NULL_CONVERSION = YES;
				CLANG_WARN_OBJC_IMPLICIT_RETAIN_SELF = YES;
				CLANG_WARN_OBJC_LITERAL_CONVERSION = YES;
				CLANG_WARN_OBJC_ROOT_CLASS = YES_ERROR;
				CLANG_WARN_RANGE_LOOP_ANALYSIS = YES;
				CLANG_WARN_STRICT_PROTOTYPES = YES;
				CLANG_WARN_SUSPICIOUS_MOVE = YES;
				CLANG_WARN_UNGUARDED_AVAILABILITY = YES_AGGRESSIVE;
				CLANG_WARN_UNREACHABLE_CODE = YES;
				CLANG_WARN__DUPLICATE_METHOD_MATCH = YES;
				COPY_PHASE_STRIP = NO;
				DEBUG_INFORMATION_FORMAT = dwarf;
				ENABLE_STRICT_OBJC_MSGSEND = YES;
				ENABLE_TESTABILITY = YES;
				GCC_C_LANGUAGE_STANDARD = gnu11;
				GCC_DYNAMIC_NO_PIC = NO;
				GCC_NO_COMMON_BLOCKS = YES;
				GCC_OPTIMIZATION_LEVEL = 0;
				GCC_PREPROCESSOR_DEFINITIONS = (
					"DEBUG=1",
					"$(inherited)",
				);
				GCC_WARN_64_TO_32_BIT_CONVERSION = YES;
				GCC_WARN_ABOUT_RETURN_TYPE = YES_ERROR;
				GCC_WARN_UNDECLARED_SELECTOR = YES;
				GCC_WARN_UNINITIALIZED_AUTOS = YES_AGGRESSIVE;
				GCC_WARN_UNUSED_FUNCTION = YES;
				GCC_WARN_UNUSED_VARIABLE = YES;
				IPHONEOS_DEPLOYMENT_TARGET = 13.2;
				MTL_ENABLE_DEBUG_INFO = INCLUDE_SOURCE;
				MTL_FAST_MATH = YES;
				ONLY_ACTIVE_ARCH = YES;
				SDKROOT = iphoneos;
				SWIFT_ACTIVE_COMPILATION_CONDITIONS = DEBUG;
				SWIFT_OPTIMIZATION_LEVEL = "-Onone";
			};
			name = Debug;
		};
		58E68E6F2396594D007F4290 /* Release */ = {
			isa = XCBuildConfiguration;
			buildSettings = {
				ALWAYS_SEARCH_USER_PATHS = NO;
				CLANG_ANALYZER_NONNULL = YES;
				CLANG_ANALYZER_NUMBER_OBJECT_CONVERSION = YES_AGGRESSIVE;
				CLANG_CXX_LANGUAGE_STANDARD = "gnu++14";
				CLANG_CXX_LIBRARY = "libc++";
				CLANG_ENABLE_MODULES = YES;
				CLANG_ENABLE_OBJC_ARC = YES;
				CLANG_ENABLE_OBJC_WEAK = YES;
				CLANG_WARN_BLOCK_CAPTURE_AUTORELEASING = YES;
				CLANG_WARN_BOOL_CONVERSION = YES;
				CLANG_WARN_COMMA = YES;
				CLANG_WARN_CONSTANT_CONVERSION = YES;
				CLANG_WARN_DEPRECATED_OBJC_IMPLEMENTATIONS = YES;
				CLANG_WARN_DIRECT_OBJC_ISA_USAGE = YES_ERROR;
				CLANG_WARN_DOCUMENTATION_COMMENTS = YES;
				CLANG_WARN_EMPTY_BODY = YES;
				CLANG_WARN_ENUM_CONVERSION = YES;
				CLANG_WARN_INFINITE_RECURSION = YES;
				CLANG_WARN_INT_CONVERSION = YES;
				CLANG_WARN_NON_LITERAL_NULL_CONVERSION = YES;
				CLANG_WARN_OBJC_IMPLICIT_RETAIN_SELF = YES;
				CLANG_WARN_OBJC_LITERAL_CONVERSION = YES;
				CLANG_WARN_OBJC_ROOT_CLASS = YES_ERROR;
				CLANG_WARN_RANGE_LOOP_ANALYSIS = YES;
				CLANG_WARN_STRICT_PROTOTYPES = YES;
				CLANG_WARN_SUSPICIOUS_MOVE = YES;
				CLANG_WARN_UNGUARDED_AVAILABILITY = YES_AGGRESSIVE;
				CLANG_WARN_UNREACHABLE_CODE = YES;
				CLANG_WARN__DUPLICATE_METHOD_MATCH = YES;
				COPY_PHASE_STRIP = NO;
				DEBUG_INFORMATION_FORMAT = "dwarf-with-dsym";
				ENABLE_NS_ASSERTIONS = NO;
				ENABLE_STRICT_OBJC_MSGSEND = YES;
				GCC_C_LANGUAGE_STANDARD = gnu11;
				GCC_NO_COMMON_BLOCKS = YES;
				GCC_WARN_64_TO_32_BIT_CONVERSION = YES;
				GCC_WARN_ABOUT_RETURN_TYPE = YES_ERROR;
				GCC_WARN_UNDECLARED_SELECTOR = YES;
				GCC_WARN_UNINITIALIZED_AUTOS = YES_AGGRESSIVE;
				GCC_WARN_UNUSED_FUNCTION = YES;
				GCC_WARN_UNUSED_VARIABLE = YES;
				IPHONEOS_DEPLOYMENT_TARGET = 13.2;
				MTL_ENABLE_DEBUG_INFO = NO;
				MTL_FAST_MATH = YES;
				SDKROOT = iphoneos;
				SWIFT_COMPILATION_MODE = wholemodule;
				SWIFT_OPTIMIZATION_LEVEL = "-O";
				VALIDATE_PRODUCT = YES;
			};
			name = Release;
		};
		58E68E712396594D007F4290 /* Debug */ = {
			isa = XCBuildConfiguration;
			buildSettings = {
				ASSETCATALOG_COMPILER_APPICON_NAME = AppIcon;
				CODE_SIGN_STYLE = Automatic;
				DEVELOPMENT_TEAM = 73K6MX592W;
				INFOPLIST_FILE = "23-Demo/Info.plist";
				LD_RUNPATH_SEARCH_PATHS = (
					"$(inherited)",
					"@executable_path/Frameworks",
				);
				PRODUCT_BUNDLE_IDENTIFIER = "com.xiaobaideng.-3-Demo";
				PRODUCT_NAME = "$(TARGET_NAME)";
				SWIFT_VERSION = 5.0;
				TARGETED_DEVICE_FAMILY = "1,2";
			};
			name = Debug;
		};
		58E68E722396594D007F4290 /* Release */ = {
			isa = XCBuildConfiguration;
			buildSettings = {
				ASSETCATALOG_COMPILER_APPICON_NAME = AppIcon;
				CODE_SIGN_STYLE = Automatic;
				DEVELOPMENT_TEAM = 73K6MX592W;
				INFOPLIST_FILE = "23-Demo/Info.plist";
				LD_RUNPATH_SEARCH_PATHS = (
					"$(inherited)",
					"@executable_path/Frameworks",
				);
				PRODUCT_BUNDLE_IDENTIFIER = "com.xiaobaideng.-3-Demo";
				PRODUCT_NAME = "$(TARGET_NAME)";
				SWIFT_VERSION = 5.0;
				TARGETED_DEVICE_FAMILY = "1,2";
			};
			name = Release;
		};
		58E68E742396594D007F4290 /* Debug */ = {
			isa = XCBuildConfiguration;
			buildSettings = {
				ALWAYS_EMBED_SWIFT_STANDARD_LIBRARIES = YES;
				BUNDLE_LOADER = "$(TEST_HOST)";
				CODE_SIGN_STYLE = Automatic;
				DEVELOPMENT_TEAM = 73K6MX592W;
				INFOPLIST_FILE = "23-DemoTests/Info.plist";
				IPHONEOS_DEPLOYMENT_TARGET = 13.2;
				LD_RUNPATH_SEARCH_PATHS = (
					"$(inherited)",
					"@executable_path/Frameworks",
					"@loader_path/Frameworks",
				);
				PRODUCT_BUNDLE_IDENTIFIER = "com.xiaobaideng.-3-DemoTests";
				PRODUCT_NAME = "$(TARGET_NAME)";
				SWIFT_VERSION = 5.0;
				TARGETED_DEVICE_FAMILY = "1,2";
				TEST_HOST = "$(BUILT_PRODUCTS_DIR)/23-Demo.app/23-Demo";
			};
			name = Debug;
		};
		58E68E752396594D007F4290 /* Release */ = {
			isa = XCBuildConfiguration;
			buildSettings = {
				ALWAYS_EMBED_SWIFT_STANDARD_LIBRARIES = YES;
				BUNDLE_LOADER = "$(TEST_HOST)";
				CODE_SIGN_STYLE = Automatic;
				DEVELOPMENT_TEAM = 73K6MX592W;
				INFOPLIST_FILE = "23-DemoTests/Info.plist";
				IPHONEOS_DEPLOYMENT_TARGET = 13.2;
				LD_RUNPATH_SEARCH_PATHS = (
					"$(inherited)",
					"@executable_path/Frameworks",
					"@loader_path/Frameworks",
				);
				PRODUCT_BUNDLE_IDENTIFIER = "com.xiaobaideng.-3-DemoTests";
				PRODUCT_NAME = "$(TARGET_NAME)";
				SWIFT_VERSION = 5.0;
				TARGETED_DEVICE_FAMILY = "1,2";
				TEST_HOST = "$(BUILT_PRODUCTS_DIR)/23-Demo.app/23-Demo";
			};
			name = Release;
		};
		58E68E772396594D007F4290 /* Debug */ = {
			isa = XCBuildConfiguration;
			buildSettings = {
				ALWAYS_EMBED_SWIFT_STANDARD_LIBRARIES = YES;
				CODE_SIGN_STYLE = Automatic;
				DEVELOPMENT_TEAM = 73K6MX592W;
				INFOPLIST_FILE = "23-DemoUITests/Info.plist";
				LD_RUNPATH_SEARCH_PATHS = (
					"$(inherited)",
					"@executable_path/Frameworks",
					"@loader_path/Frameworks",
				);
				PRODUCT_BUNDLE_IDENTIFIER = "com.xiaobaideng.-3-DemoUITests";
				PRODUCT_NAME = "$(TARGET_NAME)";
				SWIFT_VERSION = 5.0;
				TARGETED_DEVICE_FAMILY = "1,2";
				TEST_TARGET_NAME = "23-Demo";
			};
			name = Debug;
		};
		58E68E782396594D007F4290 /* Release */ = {
			isa = XCBuildConfiguration;
			buildSettings = {
				ALWAYS_EMBED_SWIFT_STANDARD_LIBRARIES = YES;
				CODE_SIGN_STYLE = Automatic;
				DEVELOPMENT_TEAM = 73K6MX592W;
				INFOPLIST_FILE = "23-DemoUITests/Info.plist";
				LD_RUNPATH_SEARCH_PATHS = (
					"$(inherited)",
					"@executable_path/Frameworks",
					"@loader_path/Frameworks",
				);
				PRODUCT_BUNDLE_IDENTIFIER = "com.xiaobaideng.-3-DemoUITests";
				PRODUCT_NAME = "$(TARGET_NAME)";
				SWIFT_VERSION = 5.0;
				TARGETED_DEVICE_FAMILY = "1,2";
				TEST_TARGET_NAME = "23-Demo";
			};
			name = Release;
		};
/* End XCBuildConfiguration section */

/* Begin XCConfigurationList section */
		58E68E412396594A007F4290 /* Build configuration list for PBXProject "23-Demo" */ = {
			isa = XCConfigurationList;
			buildConfigurations = (
				58E68E6E2396594D007F4290 /* Debug */,
				58E68E6F2396594D007F4290 /* Release */,
			);
			defaultConfigurationIsVisible = 0;
			defaultConfigurationName = Release;
		};
		58E68E702396594D007F4290 /* Build configuration list for PBXNativeTarget "23-Demo" */ = {
			isa = XCConfigurationList;
			buildConfigurations = (
				58E68E712396594D007F4290 /* Debug */,
				58E68E722396594D007F4290 /* Release */,
			);
			defaultConfigurationIsVisible = 0;
			defaultConfigurationName = Release;
		};
		58E68E732396594D007F4290 /* Build configuration list for PBXNativeTarget "23-DemoTests" */ = {
			isa = XCConfigurationList;
			buildConfigurations = (
				58E68E742396594D007F4290 /* Debug */,
				58E68E752396594D007F4290 /* Release */,
			);
			defaultConfigurationIsVisible = 0;
			defaultConfigurationName = Release;
		};
		58E68E762396594D007F4290 /* Build configuration list for PBXNativeTarget "23-DemoUITests" */ = {
			isa = XCConfigurationList;
			buildConfigurations = (
				58E68E772396594D007F4290 /* Debug */,
				58E68E782396594D007F4290 /* Release */,
			);
			defaultConfigurationIsVisible = 0;
			defaultConfigurationName = Release;
		};
/* End XCConfigurationList section */
	};
	rootObject = 58E68E3E2396594A007F4290 /* Project object */;
}
